
Microsoft Visual Studio Solution File, Format Version 11.00
# Visual Studio 2010
Project("{FAE04EC0-301F-11D3-BF4B-00C04F79EFBC}") = "CrudEF.Data", "CrudEF.Data\CrudEF.Data.csproj", "{2A35B714-5E7C-49BB-85B4-96FC0392DDCB}"
EndProject
Project("{FAE04EC0-301F-11D3-BF4B-00C04F79EFBC}") = "CrudEF.BusinessLogic", "CrudEF.BusinessLogic\CrudEF.BusinessLogic.csproj", "{6DBB2AB0-43B4-42CA-A2CA-F0A9E329F802}"
EndProject
Project("{FAE04EC0-301F-11D3-BF4B-00C04F79EFBC}") = "CrudEF.Entities", "CrudEF.Entities\CrudEF.Entities.csproj", "{2392D49B-1FE8-4ACE-A69E-83AEAE65EB0F}"
EndProject
Project("{FAE04EC0-301F-11D3-BF4B-00C04F79EFBC}") = "CrudEF.ConsoleViewApp", "CrudEF.ConsoleViewApp\CrudEF.ConsoleViewApp.csproj", "{60FB7277-C71F-4635-8AE4-F3B660461769}"
EndProject
Global
	GlobalSection(SolutionConfigurationPlatforms) = preSolution
		Debug|Any CPU = Debug|Any CPU
		Debug|Mixed Platforms = Debug|Mixed Platforms
		Debug|x86 = Debug|x86
		Release|Any CPU = Release|Any CPU
		Release|Mixed Platforms = Release|Mixed Platforms
		Release|x86 = Release|x86
	EndGlobalSection
	GlobalSection(ProjectConfigurationPlatforms) = postSolution
		{2A35B714-5E7C-49BB-85B4-96FC0392DDCB}.Debug|Any CPU.ActiveCfg = Debug|Any CPU
		{2A35B714-5E7C-49BB-85B4-96FC0392DDCB}.Debug|Any CPU.Build.0 = Debug|Any CPU
		{2A35B714-5E7C-49BB-85B4-96FC0392DDCB}.Debug|Mixed Platforms.ActiveCfg = Debug|Any CPU
		{2A35B714-5E7C-49BB-85B4-96FC0392DDCB}.Debug|Mixed Platforms.Build.0 = Debug|Any CPU
		{2A35B714-5E7C-49BB-85B4-96FC0392DDCB}.Debug|x86.ActiveCfg = Debug|Any CPU
		{2A35B714-5E7C-49BB-85B4-96FC0392DDCB}.Release|Any CPU.ActiveCfg = Release|Any CPU
		{2A35B714-5E7C-49BB-85B4-96FC0392DDCB}.Release|Any CPU.Build.0 = Release|Any CPU
		{2A35B714-5E7C-49BB-85B4-96FC0392DDCB}.Release|Mixed Platforms.ActiveCfg = Release|Any CPU
		{2A35B714-5E7C-49BB-85B4-96FC0392DDCB}.Release|Mixed Platforms.Build.0 = Release|Any CPU
		{2A35B714-5E7C-49BB-85B4-96FC0392DDCB}.Release|x86.ActiveCfg = Release|Any CPU
		{6DBB2AB0-43B4-42CA-A2CA-F0A9E329F802}.Debug|Any CPU.ActiveCfg = Debug|Any CPU
		{6DBB2AB0-43B4-42CA-A2CA-F0A9E329F802}.Debug|Any CPU.Build.0 = Debug|Any CPU
		{6DBB2AB0-43B4-42CA-A2CA-F0A9E329F802}.Debug|Mixed Platforms.ActiveCfg = Debug|Any CPU
		{6DBB2AB0-43B4-42CA-A2CA-F0A9E329F802}.Debug|Mixed Platforms.Build.0 = Debug|Any CPU
		{6DBB2AB0-43B4-42CA-A2CA-F0A9E329F802}.Debug|x86.ActiveCfg = Debug|Any CPU
		{6DBB2AB0-43B4-42CA-A2CA-F0A9E329F802}.Release|Any CPU.ActiveCfg = Release|Any CPU
		{6DBB2AB0-43B4-42CA-A2CA-F0A9E329F802}.Release|Any CPU.Build.0 = Release|Any CPU
		{6DBB2AB0-43B4-42CA-A2CA-F0A9E329F802}.Release|Mixed Platforms.ActiveCfg = Release|Any CPU
		{6DBB2AB0-43B4-42CA-A2CA-F0A9E329F802}.Release|Mixed Platforms.Build.0 = Release|Any CPU
		{6DBB2AB0-43B4-42CA-A2CA-F0A9E329F802}.Release|x86.ActiveCfg = Release|Any CPU
		{2392D49B-1FE8-4ACE-A69E-83AEAE65EB0F}.Debug|Any CPU.ActiveCfg = Debug|Any CPU
		{2392D49B-1FE8-4ACE-A69E-83AEAE65EB0F}.Debug|Any CPU.Build.0 = Debug|Any CPU
		{2392D49B-1FE8-4ACE-A69E-83AEAE65EB0F}.Debug|Mixed Platforms.ActiveCfg = Debug|Any CPU
		{2392D49B-1FE8-4ACE-A69E-83AEAE65EB0F}.Debug|Mixed Platforms.Build.0 = Debug|Any CPU
		{2392D49B-1FE8-4ACE-A69E-83AEAE65EB0F}.Debug|x86.ActiveCfg = Debug|Any CPU
		{2392D49B-1FE8-4ACE-A69E-83AEAE65EB0F}.Release|Any CPU.ActiveCfg = Release|Any CPU
		{2392D49B-1FE8-4ACE-A69E-83AEAE65EB0F}.Release|Any CPU.Build.0 = Release|Any CPU
		{2392D49B-1FE8-4ACE-A69E-83AEAE65EB0F}.Release|Mixed Platforms.ActiveCfg = Release|Any CPU
		{2392D49B-1FE8-4ACE-A69E-83AEAE65EB0F}.Release|Mixed Platforms.Build.0 = Release|Any CPU
		{2392D49B-1FE8-4ACE-A69E-83AEAE65EB0F}.Release|x86.ActiveCfg = Release|Any CPU
		{60FB7277-C71F-4635-8AE4-F3B660461769}.Debug|Any CPU.ActiveCfg = Debug|x86
		{60FB7277-C71F-4635-8AE4-F3B660461769}.Debug|Mixed Platforms.ActiveCfg = Debug|x86
		{60FB7277-C71F-4635-8AE4-F3B660461769}.Debug|Mixed Platforms.Build.0 = Debug|x86
		{60FB7277-C71F-4635-8AE4-F3B660461769}.Debug|x86.ActiveCfg = Debug|x86
		{60FB7277-C71F-4635-8AE4-F3B660461769}.Debug|x86.Build.0 = Debug|x86
		{60FB7277-C71F-4635-8AE4-F3B660461769}.Release|Any CPU.ActiveCfg = Release|x86
		{60FB7277-C71F-4635-8AE4-F3B660461769}.Release|Mixed Platforms.ActiveCfg = Release|x86
		{60FB7277-C71F-4635-8AE4-F3B660461769}.Release|Mixed Platforms.Build.0 = Release|x86
		{60FB7277-C71F-4635-8AE4-F3B660461769}.Release|x86.ActiveCfg = Release|x86
		{60FB7277-C71F-4635-8AE4-F3B660461769}.Release|x86.Build.0 = Release|x86
	EndGlobalSection
	GlobalSection(SolutionProperties) = preSolution
		HideSolutionNode = FALSE
	EndGlobalSection
EndGlobal
